
Microsoft Visual Studio Solution File, Format Version 12.00
# Visual Studio Version 17
VisualStudioVersion = 17.0.31903.59
MinimumVisualStudioVersion = 10.0.40219.1
Project("{2150E333-8FDC-42A3-9474-1A3956D46DE8}") = "src", "src", "{827E0CD3-B72D-47B6-A68D-7590B98EB39B}"
EndProject
Project("{FAE04EC0-301F-11D3-BF4B-00C04F79EFBC}") = "Ddt4All.App", "src\Ddt4All.App\Ddt4All.App.csproj", "{388EE370-A9BE-43F5-8743-5D93368CBA9C}"
EndProject
Project("{FAE04EC0-301F-11D3-BF4B-00C04F79EFBC}") = "Ddt4All.Comms", "src\Ddt4All.Comms\Ddt4All.Comms.csproj", "{DE9AEA4C-DE7D-4F88-B909-F81AC77C2F55}"
EndProject
Project("{FAE04EC0-301F-11D3-BF4B-00C04F79EFBC}") = "Ddt4All.Core", "src\Ddt4All.Core\Ddt4All.Core.csproj", "{83F282A9-7BC4-4A2E-9EC5-3FD54A43D6D6}"
EndProject
Project("{FAE04EC0-301F-11D3-BF4B-00C04F79EFBC}") = "Ddt4All.Benchmarks", "tests\Ddt4All.Benchmarks\Ddt4All.Benchmarks.csproj", "{6471F5A1-46A3-4351-98B6-A8E1C8EE5270}"
EndProject
Project("{FAE04EC0-301F-11D3-BF4B-00C04F79EFBC}") = "Ddt4All.Comms.Tests", "tests\Ddt4All.Comms.Tests\Ddt4All.Comms.Tests.csproj", "{7B86BC24-3409-4DCE-A9A4-8260E281FB71}"
EndProject
Project("{FAE04EC0-301F-11D3-BF4B-00C04F79EFBC}") = "Ddt4All.Core.Tests", "tests\Ddt4All.Core.Tests\Ddt4All.Core.Tests.csproj", "{CEA3C8A4-A275-4550-BC96-D73746CA4573}"
EndProject
Project("{2150E333-8FDC-42A3-9474-1A3956D46DE8}") = "tests", "tests", "{0AB3BF05-4346-4AA6-1389-037BE0695223}"
EndProject
Project("{FAE04EC0-301F-11D3-BF4B-00C04F79EFBC}") = "Ddt4All.App.Tests", "tests\Ddt4All.App.Tests\Ddt4All.App.Tests.csproj", "{5AD0BD62-A0FF-40D7-8B4C-53017C269E17}"
EndProject
Project("{FAE04EC0-301F-11D3-BF4B-00C04F79EFBC}") = "Ddt4All.Plugins", "src\Ddt4All.Plugins\Ddt4All.Plugins.csproj", "{7227A8E0-79A2-4E97-BF02-381985D2C7A0}"
EndProject
Project("{FAE04EC0-301F-11D3-BF4B-00C04F79EFBC}") = "Ddt4All.Plugins.Tests", "tests\Ddt4All.Plugins.Tests\Ddt4All.Plugins.Tests.csproj", "{F7E9190E-4CAE-48A2-A363-3B84B73D8542}"
EndProject
Global
	GlobalSection(SolutionConfigurationPlatforms) = preSolution
		Debug|Any CPU = Debug|Any CPU
		Debug|x64 = Debug|x64
		Debug|x86 = Debug|x86
		Release|Any CPU = Release|Any CPU
		Release|x64 = Release|x64
		Release|x86 = Release|x86
	EndGlobalSection
	GlobalSection(ProjectConfigurationPlatforms) = postSolution
		{388EE370-A9BE-43F5-8743-5D93368CBA9C}.Debug|Any CPU.ActiveCfg = Debug|Any CPU
		{388EE370-A9BE-43F5-8743-5D93368CBA9C}.Debug|Any CPU.Build.0 = Debug|Any CPU
		{388EE370-A9BE-43F5-8743-5D93368CBA9C}.Debug|x64.ActiveCfg = Debug|Any CPU
		{388EE370-A9BE-43F5-8743-5D93368CBA9C}.Debug|x64.Build.0 = Debug|Any CPU
		{388EE370-A9BE-43F5-8743-5D93368CBA9C}.Debug|x86.ActiveCfg = Debug|Any CPU
		{388EE370-A9BE-43F5-8743-5D93368CBA9C}.Debug|x86.Build.0 = Debug|Any CPU
		{388EE370-A9BE-43F5-8743-5D93368CBA9C}.Release|Any CPU.ActiveCfg = Release|Any CPU
		{388EE370-A9BE-43F5-8743-5D93368CBA9C}.Release|Any CPU.Build.0 = Release|Any CPU
		{388EE370-A9BE-43F5-8743-5D93368CBA9C}.Release|x64.ActiveCfg = Release|Any CPU
		{388EE370-A9BE-43F5-8743-5D93368CBA9C}.Release|x64.Build.0 = Release|Any CPU
		{388EE370-A9BE-43F5-8743-5D93368CBA9C}.Release|x86.ActiveCfg = Release|Any CPU
		{388EE370-A9BE-43F5-8743-5D93368CBA9C}.Release|x86.Build.0 = Release|Any CPU
		{DE9AEA4C-DE7D-4F88-B909-F81AC77C2F55}.Debug|Any CPU.ActiveCfg = Debug|Any CPU
		{DE9AEA4C-DE7D-4F88-B909-F81AC77C2F55}.Debug|Any CPU.Build.0 = Debug|Any CPU
		{DE9AEA4C-DE7D-4F88-B909-F81AC77C2F55}.Debug|x64.ActiveCfg = Debug|Any CPU
		{DE9AEA4C-DE7D-4F88-B909-F81AC77C2F55}.Debug|x64.Build.0 = Debug|Any CPU
		{DE9AEA4C-DE7D-4F88-B909-F81AC77C2F55}.Debug|x86.ActiveCfg = Debug|Any CPU
		{DE9AEA4C-DE7D-4F88-B909-F81AC77C2F55}.Debug|x86.Build.0 = Debug|Any CPU
		{DE9AEA4C-DE7D-4F88-B909-F81AC77C2F55}.Release|Any CPU.ActiveCfg = Release|Any CPU
		{DE9AEA4C-DE7D-4F88-B909-F81AC77C2F55}.Release|Any CPU.Build.0 = Release|Any CPU
		{DE9AEA4C-DE7D-4F88-B909-F81AC77C2F55}.Release|x64.ActiveCfg = Release|Any CPU
		{DE9AEA4C-DE7D-4F88-B909-F81AC77C2F55}.Release|x64.Build.0 = Release|Any CPU
		{DE9AEA4C-DE7D-4F88-B909-F81AC77C2F55}.Release|x86.ActiveCfg = Release|Any CPU
		{DE9AEA4C-DE7D-4F88-B909-F81AC77C2F55}.Release|x86.Build.0 = Release|Any CPU
		{83F282A9-7BC4-4A2E-9EC5-3FD54A43D6D6}.Debug|Any CPU.ActiveCfg = Debug|Any CPU
		{83F282A9-7BC4-4A2E-9EC5-3FD54A43D6D6}.Debug|Any CPU.Build.0 = Debug|Any CPU
		{83F282A9-7BC4-4A2E-9EC5-3FD54A43D6D6}.Debug|x64.ActiveCfg = Debug|Any CPU
		{83F282A9-7BC4-4A2E-9EC5-3FD54A43D6D6}.Debug|x64.Build.0 = Debug|Any CPU
		{83F282A9-7BC4-4A2E-9EC5-3FD54A43D6D6}.Debug|x86.ActiveCfg = Debug|Any CPU
		{83F282A9-7BC4-4A2E-9EC5-3FD54A43D6D6}.Debug|x86.Build.0 = Debug|Any CPU
		{83F282A9-7BC4-4A2E-9EC5-3FD54A43D6D6}.Release|Any CPU.ActiveCfg = Release|Any CPU
		{83F282A9-7BC4-4A2E-9EC5-3FD54A43D6D6}.Release|Any CPU.Build.0 = Release|Any CPU
		{83F282A9-7BC4-4A2E-9EC5-3FD54A43D6D6}.Release|x64.ActiveCfg = Release|Any CPU
		{83F282A9-7BC4-4A2E-9EC5-3FD54A43D6D6}.Release|x64.Build.0 = Release|Any CPU
		{83F282A9-7BC4-4A2E-9EC5-3FD54A43D6D6}.Release|x86.ActiveCfg = Release|Any CPU
		{83F282A9-7BC4-4A2E-9EC5-3FD54A43D6D6}.Release|x86.Build.0 = Release|Any CPU
		{6471F5A1-46A3-4351-98B6-A8E1C8EE5270}.Debug|Any CPU.ActiveCfg = Debug|Any CPU
		{6471F5A1-46A3-4351-98B6-A8E1C8EE5270}.Debug|Any CPU.Build.0 = Debug|Any CPU
		{6471F5A1-46A3-4351-98B6-A8E1C8EE5270}.Debug|x64.ActiveCfg = Debug|Any CPU
		{6471F5A1-46A3-4351-98B6-A8E1C8EE5270}.Debug|x64.Build.0 = Debug|Any CPU
		{6471F5A1-46A3-4351-98B6-A8E1C8EE5270}.Debug|x86.ActiveCfg = Debug|Any CPU
		{6471F5A1-46A3-4351-98B6-A8E1C8EE5270}.Debug|x86.Build.0 = Debug|Any CPU
		{6471F5A1-46A3-4351-98B6-A8E1C8EE5270}.Release|Any CPU.ActiveCfg = Release|Any CPU
		{6471F5A1-46A3-4351-98B6-A8E1C8EE5270}.Release|Any CPU.Build.0 = Release|Any CPU
		{6471F5A1-46A3-4351-98B6-A8E1C8EE5270}.Release|x64.ActiveCfg = Release|Any CPU
		{6471F5A1-46A3-4351-98B6-A8E1C8EE5270}.Release|x64.Build.0 = Release|Any CPU
		{6471F5A1-46A3-4351-98B6-A8E1C8EE5270}.Release|x86.ActiveCfg = Release|Any CPU
		{6471F5A1-46A3-4351-98B6-A8E1C8EE5270}.Release|x86.Build.0 = Release|Any CPU
		{7B86BC24-3409-4DCE-A9A4-8260E281FB71}.Debug|Any CPU.ActiveCfg = Debug|Any CPU
		{7B86BC24-3409-4DCE-A9A4-8260E281FB71}.Debug|Any CPU.Build.0 = Debug|Any CPU
		{7B86BC24-3409-4DCE-A9A4-8260E281FB71}.Debug|x64.ActiveCfg = Debug|Any CPU
		{7B86BC24-3409-4DCE-A9A4-8260E281FB71}.Debug|x64.Build.0 = Debug|Any CPU
		{7B86BC24-3409-4DCE-A9A4-8260E281FB71}.Debug|x86.ActiveCfg = Debug|Any CPU
		{7B86BC24-3409-4DCE-A9A4-8260E281FB71}.Debug|x86.Build.0 = Debug|Any CPU
		{7B86BC24-3409-4DCE-A9A4-8260E281FB71}.Release|Any CPU.ActiveCfg = Release|Any CPU
		{7B86BC24-3409-4DCE-A9A4-8260E281FB71}.Release|Any CPU.Build.0 = Release|Any CPU
		{7B86BC24-3409-4DCE-A9A4-8260E281FB71}.Release|x64.ActiveCfg = Release|Any CPU
		{7B86BC24-3409-4DCE-A9A4-8260E281FB71}.Release|x64.Build.0 = Release|Any CPU
		{7B86BC24-3409-4DCE-A9A4-8260E281FB71}.Release|x86.ActiveCfg = Release|Any CPU
		{7B86BC24-3409-4DCE-A9A4-8260E281FB71}.Release|x86.Build.0 = Release|Any CPU
		{CEA3C8A4-A275-4550-BC96-D73746CA4573}.Debug|Any CPU.ActiveCfg = Debug|Any CPU
		{CEA3C8A4-A275-4550-BC96-D73746CA4573}.Debug|Any CPU.Build.0 = Debug|Any CPU
		{CEA3C8A4-A275-4550-BC96-D73746CA4573}.Debug|x64.ActiveCfg = Debug|Any CPU
		{CEA3C8A4-A275-4550-BC96-D73746CA4573}.Debug|x64.Build.0 = Debug|Any CPU
		{CEA3C8A4-A275-4550-BC96-D73746CA4573}.Debug|x86.ActiveCfg = Debug|Any CPU
		{CEA3C8A4-A275-4550-BC96-D73746CA4573}.Debug|x86.Build.0 = Debug|Any CPU
		{CEA3C8A4-A275-4550-BC96-D73746CA4573}.Release|Any CPU.ActiveCfg = Release|Any CPU
		{CEA3C8A4-A275-4550-BC96-D73746CA4573}.Release|Any CPU.Build.0 = Release|Any CPU
		{CEA3C8A4-A275-4550-BC96-D73746CA4573}.Release|x64.ActiveCfg = Release|Any CPU
		{CEA3C8A4-A275-4550-BC96-D73746CA4573}.Release|x64.Build.0 = Release|Any CPU
		{CEA3C8A4-A275-4550-BC96-D73746CA4573}.Release|x86.ActiveCfg = Release|Any CPU
		{CEA3C8A4-A275-4550-BC96-D73746CA4573}.Release|x86.Build.0 = Release|Any CPU
		{5AD0BD62-A0FF-40D7-8B4C-53017C269E17}.Debug|Any CPU.ActiveCfg = Debug|Any CPU
		{5AD0BD62-A0FF-40D7-8B4C-53017C269E17}.Debug|Any CPU.Build.0 = Debug|Any CPU
		{5AD0BD62-A0FF-40D7-8B4C-53017C269E17}.Debug|x64.ActiveCfg = Debug|Any CPU
		{5AD0BD62-A0FF-40D7-8B4C-53017C269E17}.Debug|x64.Build.0 = Debug|Any CPU
		{5AD0BD62-A0FF-40D7-8B4C-53017C269E17}.Debug|x86.ActiveCfg = Debug|Any CPU
		{5AD0BD62-A0FF-40D7-8B4C-53017C269E17}.Debug|x86.Build.0 = Debug|Any CPU
		{5AD0BD62-A0FF-40D7-8B4C-53017C269E17}.Release|Any CPU.ActiveCfg = Release|Any CPU
		{5AD0BD62-A0FF-40D7-8B4C-53017C269E17}.Release|Any CPU.Build.0 = Release|Any CPU
		{5AD0BD62-A0FF-40D7-8B4C-53017C269E17}.Release|x64.ActiveCfg = Release|Any CPU
		{5AD0BD62-A0FF-40D7-8B4C-53017C269E17}.Release|x64.Build.0 = Release|Any CPU
		{5AD0BD62-A0FF-40D7-8B4C-53017C269E17}.Release|x86.ActiveCfg = Release|Any CPU
		{5AD0BD62-A0FF-40D7-8B4C-53017C269E17}.Release|x86.Build.0 = Release|Any CPU
		{7227A8E0-79A2-4E97-BF02-381985D2C7A0}.Debug|Any CPU.ActiveCfg = Debug|Any CPU
		{7227A8E0-79A2-4E97-BF02-381985D2C7A0}.Debug|Any CPU.Build.0 = Debug|Any CPU
		{7227A8E0-79A2-4E97-BF02-381985D2C7A0}.Debug|x64.ActiveCfg = Debug|Any CPU
		{7227A8E0-79A2-4E97-BF02-381985D2C7A0}.Debug|x64.Build.0 = Debug|Any CPU
		{7227A8E0-79A2-4E97-BF02-381985D2C7A0}.Debug|x86.ActiveCfg = Debug|Any CPU
		{7227A8E0-79A2-4E97-BF02-381985D2C7A0}.Debug|x86.Build.0 = Debug|Any CPU
		{7227A8E0-79A2-4E97-BF02-381985D2C7A0}.Release|Any CPU.ActiveCfg = Release|Any CPU
		{7227A8E0-79A2-4E97-BF02-381985D2C7A0}.Release|Any CPU.Build.0 = Release|Any CPU
		{7227A8E0-79A2-4E97-BF02-381985D2C7A0}.Release|x64.ActiveCfg = Release|Any CPU
		{7227A8E0-79A2-4E97-BF02-381985D2C7A0}.Release|x64.Build.0 = Release|Any CPU
		{7227A8E0-79A2-4E97-BF02-381985D2C7A0}.Release|x86.ActiveCfg = Release|Any CPU
		{7227A8E0-79A2-4E97-BF02-381985D2C7A0}.Release|x86.Build.0 = Release|Any CPU
		{F7E9190E-4CAE-48A2-A363-3B84B73D8542}.Debug|Any CPU.ActiveCfg = Debug|Any CPU
		{F7E9190E-4CAE-48A2-A363-3B84B73D8542}.Debug|Any CPU.Build.0 = Debug|Any CPU
		{F7E9190E-4CAE-48A2-A363-3B84B73D8542}.Debug|x64.ActiveCfg = Debug|Any CPU
		{F7E9190E-4CAE-48A2-A363-3B84B73D8542}.Debug|x64.Build.0 = Debug|Any CPU
		{F7E9190E-4CAE-48A2-A363-3B84B73D8542}.Debug|x86.ActiveCfg = Debug|Any CPU
		{F7E9190E-4CAE-48A2-A363-3B84B73D8542}.Debug|x86.Build.0 = Debug|Any CPU
		{F7E9190E-4CAE-48A2-A363-3B84B73D8542}.Release|Any CPU.ActiveCfg = Release|Any CPU
		{F7E9190E-4CAE-48A2-A363-3B84B73D8542}.Release|Any CPU.Build.0 = Release|Any CPU
		{F7E9190E-4CAE-48A2-A363-3B84B73D8542}.Release|x64.ActiveCfg = Release|Any CPU
		{F7E9190E-4CAE-48A2-A363-3B84B73D8542}.Release|x64.Build.0 = Release|Any CPU
		{F7E9190E-4CAE-48A2-A363-3B84B73D8542}.Release|x86.ActiveCfg = Release|Any CPU
		{F7E9190E-4CAE-48A2-A363-3B84B73D8542}.Release|x86.Build.0 = Release|Any CPU
	EndGlobalSection
	GlobalSection(SolutionProperties) = preSolution
		HideSolutionNode = FALSE
	EndGlobalSection
	GlobalSection(NestedProjects) = preSolution
		{388EE370-A9BE-43F5-8743-5D93368CBA9C} = {827E0CD3-B72D-47B6-A68D-7590B98EB39B}
		{DE9AEA4C-DE7D-4F88-B909-F81AC77C2F55} = {827E0CD3-B72D-47B6-A68D-7590B98EB39B}
		{83F282A9-7BC4-4A2E-9EC5-3FD54A43D6D6} = {827E0CD3-B72D-47B6-A68D-7590B98EB39B}
		{6471F5A1-46A3-4351-98B6-A8E1C8EE5270} = {827E0CD3-B72D-47B6-A68D-7590B98EB39B}
		{7B86BC24-3409-4DCE-A9A4-8260E281FB71} = {827E0CD3-B72D-47B6-A68D-7590B98EB39B}
		{CEA3C8A4-A275-4550-BC96-D73746CA4573} = {827E0CD3-B72D-47B6-A68D-7590B98EB39B}
		{5AD0BD62-A0FF-40D7-8B4C-53017C269E17} = {0AB3BF05-4346-4AA6-1389-037BE0695223}
		{7227A8E0-79A2-4E97-BF02-381985D2C7A0} = {827E0CD3-B72D-47B6-A68D-7590B98EB39B}
		{F7E9190E-4CAE-48A2-A363-3B84B73D8542} = {0AB3BF05-4346-4AA6-1389-037BE0695223}
	EndGlobalSection
EndGlobal
